
Microsoft Visual Studio Solution File, Format Version 11.00
# Visual Studio 2010
Project("{8BC9CEB8-8B4A-11D0-8D11-00A0C91BC942}") = "fmod_geometry", "fmod_geometry.vcxproj", "{CBF9EDAC-210B-10E5-78EC-BDFA86295637}"
EndProject
Global
	GlobalSection(SolutionConfigurationPlatforms) = preSolution
		Debug|Win32 = Debug|Win32
		Release_FMOD_debug|Win32 = Release_FMOD_debug|Win32
		Release_MT|Win32 = Release_MT|Win32
		Release|Win32 = Release|Win32
	EndGlobalSection
	GlobalSection(ProjectConfigurationPlatforms) = postSolution
		{CBF9EDAC-210B-10E5-78EC-BDFA86295637}.Debug|Win32.ActiveCfg = Debug|Win32
		{CBF9EDAC-210B-10E5-78EC-BDFA86295637}.Debug|Win32.Build.0 = Debug|Win32
		{CBF9EDAC-210B-10E5-78EC-BDFA86295637}.Release_FMOD_debug|Win32.ActiveCfg = Release_FMOD_debug|Win32
		{CBF9EDAC-210B-10E5-78EC-BDFA86295637}.Release_FMOD_debug|Win32.Build.0 = Release_FMOD_debug|Win32
		{CBF9EDAC-210B-10E5-78EC-BDFA86295637}.Release_MT|Win32.ActiveCfg = Release_MT|Win32
		{CBF9EDAC-210B-10E5-78EC-BDFA86295637}.Release_MT|Win32.Build.0 = Release_MT|Win32
		{CBF9EDAC-210B-10E5-78EC-BDFA86295637}.Release|Win32.ActiveCfg = Release|Win32
		{CBF9EDAC-210B-10E5-78EC-BDFA86295637}.Release|Win32.Build.0 = Release|Win32
	EndGlobalSection
	GlobalSection(SolutionProperties) = preSolution
		HideSolutionNode = FALSE
	EndGlobalSection
EndGlobal
